<?xml version="1.0" encoding="utf-8"?>
<Project ToolsVersion="4.0" xmlns="http://schemas.microsoft.com/developer/msbuild/2003">
  <ItemGroup>
    <Filter Include="ソース ファイル">
      <UniqueIdentifier>{4FC737F1-C7A5-4376-A066-2A32D752A2FF}</UniqueIdentifier>
      <Extensions>cpp;c;cc;cxx;def;odl;idl;hpj;bat;asm;asmx</Extensions>
    </Filter>
    <Filter Include="ソース ファイル\Scene">
      <UniqueIdentifier>{8ca4bc88-fa08-44f1-99ad-a83cc37450e6}</UniqueIdentifier>
    </Filter>
    <Filter Include="ソース ファイル\Component">
      <UniqueIdentifier>{ba0f3838-3bce-4a32-98b7-b39c8e08c65e}</UniqueIdentifier>
    </Filter>
    <Filter Include="ソース ファイル\Engine">
      <UniqueIdentifier>{8c216c30-c0f2-4861-b88d-2fba17326067}</UniqueIdentifier>
    </Filter>
    <Filter Include="ソース ファイル\Activity">
      <UniqueIdentifier>{24b20409-d738-4664-8910-2ff0d10004a7}</UniqueIdentifier>
    </Filter>
    <Filter Include="ソース ファイル\Scene\Event">
      <UniqueIdentifier>{3c6df1c2-b507-4a47-a523-101928faa02e}</UniqueIdentifier>
    </Filter>
    <Filter Include="ソース ファイル\Scene\Event\Update">
      <UniqueIdentifier>{7788d977-b8fa-4385-8101-d5a86aba04fe}</UniqueIdentifier>
    </Filter>
    <Filter Include="ソース ファイル\Scene\Event\EngineInput">
      <UniqueIdentifier>{430171ff-bf19-4c95-8051-a08f65b8c052}</UniqueIdentifier>
    </Filter>
    <Filter Include="ソース ファイル\Engine\Input">
      <UniqueIdentifier>{5ea11ecd-1d5d-41bd-80ce-9c085e1250bd}</UniqueIdentifier>
    </Filter>
    <Filter Include="ヘッダー ファイル">
      <UniqueIdentifier>{93995380-89BD-4b04-88EB-625FBE52EBFB}</UniqueIdentifier>
      <Extensions>h;hh;hpp;hxx;hm;inl;inc;xsd</Extensions>
    </Filter>
    <Filter Include="ヘッダー ファイル\Engine">
      <UniqueIdentifier>{40f25046-13a4-4b53-ba3c-7dde881a8e35}</UniqueIdentifier>
    </Filter>
    <Filter Include="ヘッダー ファイル\Engine\Input">
      <UniqueIdentifier>{5e576f55-eec3-4466-a306-c7d4abc510bf}</UniqueIdentifier>
    </Filter>
    <Filter Include="ヘッダー ファイル\Scene">
      <UniqueIdentifier>{38fd56d6-452c-49f0-a6e0-da45f0f688d3}</UniqueIdentifier>
    </Filter>
    <Filter Include="ヘッダー ファイル\Scene\Event">
      <UniqueIdentifier>{2cc33172-6251-476e-a5bd-31d6d913da42}</UniqueIdentifier>
    </Filter>
    <Filter Include="ヘッダー ファイル\Scene\Event\Update">
      <UniqueIdentifier>{84e658b8-dfcc-47ca-a7ae-e0cda434457a}</UniqueIdentifier>
    </Filter>
    <Filter Include="ヘッダー ファイル\Scene\Event\EngineInput">
      <UniqueIdentifier>{496b1619-1b4e-4466-a8af-913c0277c72f}</UniqueIdentifier>
    </Filter>
    <Filter Include="ヘッダー ファイル\Component">
      <UniqueIdentifier>{5fabf9c0-dec1-4686-8c0f-7488cf31bc39}</UniqueIdentifier>
    </Filter>
    <Filter Include="ヘッダー ファイル\Activity">
      <UniqueIdentifier>{01cfeda8-85e9-4fc1-be35-9e3c19909ae8}</UniqueIdentifier>
    </Filter>
    <Filter Include="ヘッダー ファイル\Allocator">
      <UniqueIdentifier>{cc98758f-6ca1-4c0f-97cb-e8b8a1d1ffbb}</UniqueIdentifier>
    </Filter>
    <Filter Include="ヘッダー ファイル\Component\Camera">
      <UniqueIdentifier>{05c1314b-a6cd-4ec8-a235-d4fcbcc27075}</UniqueIdentifier>
    </Filter>
    <Filter Include="ヘッダー ファイル\Component\Camera\2D">
      <UniqueIdentifier>{be66520a-001e-433b-8ae9-59516ca40521}</UniqueIdentifier>
    </Filter>
    <Filter Include="ヘッダー ファイル\Component\Camera\3D">
      <UniqueIdentifier>{443dc6e8-d7b0-4740-98f1-770446fcc6a7}</UniqueIdentifier>
    </Filter>
    <Filter Include="ソース ファイル\Component\Camera">
      <UniqueIdentifier>{67e9b2d6-ba51-47f8-ab0a-c6f74485233a}</UniqueIdentifier>
    </Filter>
    <Filter Include="ソース ファイル\Component\Camera\3D">
      <UniqueIdentifier>{6f803f75-8ca4-455a-9348-cc70672d7c77}</UniqueIdentifier>
    </Filter>
    <Filter Include="ヘッダー ファイル\Component\Light">
      <UniqueIdentifier>{7a45de9f-6862-48e1-b894-8900bcc654a9}</UniqueIdentifier>
    </Filter>
    <Filter Include="ヘッダー ファイル\Component\Collision">
      <UniqueIdentifier>{f9d7f947-83d4-406c-80ee-2ed3569fed5b}</UniqueIdentifier>
    </Filter>
    <Filter Include="ソース ファイル\Component\Collision">
      <UniqueIdentifier>{06b6f220-3fd5-4a5e-a313-cbf1982d6a82}</UniqueIdentifier>
    </Filter>
    <Filter Include="ヘッダー ファイル\Input">
      <UniqueIdentifier>{1f4d491b-e8be-4ac1-bc2e-7bd3a713aeff}</UniqueIdentifier>
    </Filter>
    <Filter Include="ソース ファイル\Input">
      <UniqueIdentifier>{eaa7e945-b2ea-4e1c-a8b5-f94316d54e16}</UniqueIdentifier>
    </Filter>
    <Filter Include="リソース ファイル">
      <UniqueIdentifier>{67DA6AB6-F800-4c08-8B7A-83BB121AAD01}</UniqueIdentifier>
      <Extensions>rc;ico;cur;bmp;dlg;rc2;rct;bin;rgs;gif;jpg;jpeg;jpe;resx;tiff;tif;png;wav;mfcribbon-ms</Extensions>
    </Filter>
    <Filter Include="ヘッダー ファイル\Component\Collision\2D">
      <UniqueIdentifier>{793339cd-930c-4f1f-8d5d-da833769fee5}</UniqueIdentifier>
    </Filter>
    <Filter Include="ヘッダー ファイル\Component\Collision\3D">
      <UniqueIdentifier>{9d1f7d7e-5b58-449c-ac09-d0beeac362dc}</UniqueIdentifier>
    </Filter>
    <Filter Include="ソース ファイル\Component\Collision\2D">
      <UniqueIdentifier>{1c50554e-0d96-4bc2-a3b3-87967beb9820}</UniqueIdentifier>
    </Filter>
    <Filter Include="ソース ファイル\Component\Collision\3D">
      <UniqueIdentifier>{94e35f95-46e0-430d-b61e-05b016ad8e3e}</UniqueIdentifier>
    </Filter>
    <Filter Include="ヘッダー ファイル\Component\Renderer">
      <UniqueIdentifier>{84890ed0-9971-4b90-b3b1-211ea6c8af06}</UniqueIdentifier>
    </Filter>
    <Filter Include="ソース ファイル\Component\Renderer">
      <UniqueIdentifier>{7ec7c0e5-5d4e-4c72-ba75-0ac4ce3f6fdf}</UniqueIdentifier>
    </Filter>
    <Filter Include="リソース ファイル\Shader">
      <UniqueIdentifier>{2c51305e-d442-40b8-bb64-80683400e562}</UniqueIdentifier>
    </Filter>
    <Filter Include="ソース ファイル\Component\Camera\2D">
      <UniqueIdentifier>{9031b82b-78ed-4c68-87ab-986f08c9951d}</UniqueIdentifier>
    </Filter>
    <Filter Include="ヘッダー ファイル\GameObject">
      <UniqueIdentifier>{73881a59-1756-4a0d-b5ee-717ef61ba364}</UniqueIdentifier>
    </Filter>
    <Filter Include="ヘッダー ファイル\GameObject\3D">
      <UniqueIdentifier>{887ec1d6-1b51-494e-907a-fa3cab0e64aa}</UniqueIdentifier>
    </Filter>
    <Filter Include="ヘッダー ファイル\GameObject\3D\Primitive">
      <UniqueIdentifier>{d8d02f28-3142-4320-8da9-c76c3e9dc771}</UniqueIdentifier>
    </Filter>
    <Filter Include="ヘッダー ファイル\GameObject\3D\Model">
      <UniqueIdentifier>{3b71dc71-e34b-4a4d-aff1-181b31f8ca0f}</UniqueIdentifier>
    </Filter>
    <Filter Include="ヘッダー ファイル\GameObject\2D">
      <UniqueIdentifier>{af227e00-ddba-4234-a38b-d341c72201dc}</UniqueIdentifier>
    </Filter>
    <Filter Include="ヘッダー ファイル\GameObject\2D\Modifier">
      <UniqueIdentifier>{92cbe9b1-107f-473a-8e31-acb6b2972df1}</UniqueIdentifier>
    </Filter>
    <Filter Include="ソース ファイル\GameObject">
      <UniqueIdentifier>{9bec477f-2789-42a8-9b6f-79ecb3619942}</UniqueIdentifier>
    </Filter>
    <Filter Include="ソース ファイル\GameObject\3D">
      <UniqueIdentifier>{3c706006-4efe-4493-b667-5d976cc902a0}</UniqueIdentifier>
    </Filter>
    <Filter Include="ソース ファイル\GameObject\3D\Primitive">
      <UniqueIdentifier>{78624ef6-d74a-4d41-bc39-b3a7323a1543}</UniqueIdentifier>
    </Filter>
    <Filter Include="ソース ファイル\GameObject\3D\Model">
      <UniqueIdentifier>{a5699b47-5d21-4edc-a84b-b1fd0c55d763}</UniqueIdentifier>
    </Filter>
    <Filter Include="ソース ファイル\GameObject\2D">
      <UniqueIdentifier>{a3de45e9-224a-4825-9ac5-1b2e22593596}</UniqueIdentifier>
    </Filter>
    <Filter Include="ソース ファイル\GameObject\2D\Modifier">
      <UniqueIdentifier>{bd78d597-0b56-45f3-b7cc-c18023f53d1c}</UniqueIdentifier>
    </Filter>
    <Filter Include="ヘッダー ファイル\Engine\Director">
      <UniqueIdentifier>{b8d79364-1f64-44c0-b322-e001361dedc0}</UniqueIdentifier>
    </Filter>
    <Filter Include="ソース ファイル\ThirdPirty">
      <UniqueIdentifier>{9852c34d-21fd-4bb8-88de-6d4a3d984da9}</UniqueIdentifier>
    </Filter>
    <Filter Include="ソース ファイル\ThirdPirty\imgui">
      <UniqueIdentifier>{9b8d6292-1ea3-490e-b5b9-de8fa4dfc578}</UniqueIdentifier>
    </Filter>
    <Filter Include="ソース ファイル\ThirdPirty\Spine">
      <UniqueIdentifier>{71fbf405-9b24-4dc2-8f5c-e195157217e6}</UniqueIdentifier>
    </Filter>
    <Filter Include="ソース ファイル\GameObject\2D\Spine">
      <UniqueIdentifier>{33f99194-e046-47c6-ae1c-0e36a84103cf}</UniqueIdentifier>
    </Filter>
    <Filter Include="ヘッダー ファイル\GameObject\2D\Spine">
      <UniqueIdentifier>{1fd74c9e-e5ab-4bd8-9df9-85249d069f22}</UniqueIdentifier>
    </Filter>
    <Filter Include="ヘッダー ファイル\ThirdParty">
      <UniqueIdentifier>{9b538748-b535-4ded-bb86-e8872a50c944}</UniqueIdentifier>
    </Filter>
    <Filter Include="ヘッダー ファイル\ThirdParty\Eigen">
      <UniqueIdentifier>{65527833-19ab-41a2-851a-fefb9bbdf9de}</UniqueIdentifier>
    </Filter>
    <Filter Include="ヘッダー ファイル\ThirdParty\imgui">
      <UniqueIdentifier>{600f7942-ecdb-4bfe-b65f-8adf17794c36}</UniqueIdentifier>
    </Filter>
    <Filter Include="ヘッダー ファイル\ThirdParty\Spine">
      <UniqueIdentifier>{1492e0cf-d233-48a5-9031-daab12c503e3}</UniqueIdentifier>
    </Filter>
    <Filter Include="ソース ファイル\Component\Animator">
      <UniqueIdentifier>{bc23a892-0b75-4f76-8ed7-c4aff808d85f}</UniqueIdentifier>
    </Filter>
    <Filter Include="ヘッダー ファイル\Component\Animator">
      <UniqueIdentifier>{c16b67bc-dafb-478a-96d2-35e55c5f89b7}</UniqueIdentifier>
    </Filter>
  </ItemGroup>
  <ItemGroup>
    <ClCompile Include="stdafx.cpp">
      <Filter>ソース ファイル</Filter>
    </ClCompile>
    <ClCompile Include="Component\Camera\Camera.cpp">
      <Filter>ソース ファイル</Filter>
    </ClCompile>
    <ClCompile Include="Component\Camera\Camera2D.cpp">
      <Filter>ソース ファイル</Filter>
    </ClCompile>
    <ClCompile Include="Component\Camera\Camera3D.cpp">
      <Filter>ソース ファイル</Filter>
    </ClCompile>
    <ClCompile Include="Component\Camera\Camera3D_LookAt.cpp">
      <Filter>ソース ファイル</Filter>
    </ClCompile>
    <ClCompile Include="Component\Collider\Collider3D.cpp">
      <Filter>ソース ファイル</Filter>
    </ClCompile>
    <ClCompile Include="Component\Collider\Collision2D.cpp">
      <Filter>ソース ファイル</Filter>
    </ClCompile>
    <ClCompile Include="Component\Collider\Collision3D.cpp">
      <Filter>ソース ファイル</Filter>
    </ClCompile>
    <ClCompile Include="Component\Modifier\EntityModifier.cpp">
      <Filter>ソース ファイル</Filter>
    </ClCompile>
    <ClCompile Include="Component\Modifier\EntityModifierAttribute.cpp">
      <Filter>ソース ファイル</Filter>
    </ClCompile>
    <ClCompile Include="Component\Modifier\EntityModifierFactory.cpp">
      <Filter>ソース ファイル</Filter>
    </ClCompile>
    <ClCompile Include="Component\Modifier\EntityModifierManager.cpp">
      <Filter>ソース ファイル</Filter>
    </ClCompile>
    <ClCompile Include="Component\Spine\SkeletonAnimation.cpp">
      <Filter>ソース ファイル</Filter>
    </ClCompile>
    <ClCompile Include="GameObject\Transform\Transform.cpp">
      <Filter>ソース ファイル</Filter>
    </ClCompile>
    <ClCompile Include="GameObject\GameObject.cpp">
      <Filter>ソース ファイル</Filter>
    </ClCompile>
    <ClCompile Include="GameObject\GameObjectRenderQueue.cpp">
      <Filter>ソース ファイル</Filter>
    </ClCompile>
    <ClCompile Include="GameObject\GameObjectRenderState.cpp">
      <Filter>ソース ファイル</Filter>
    </ClCompile>
    <ClCompile Include="Scene\Scene.cpp">
      <Filter>ソース ファイル</Filter>
    </ClCompile>
    <ClCompile Include="Scene\SceneManager.cpp">
      <Filter>ソース ファイル</Filter>
    </ClCompile>
    <ClCompile Include="Component\Renderer\MeshRenderer.cpp">
      <Filter>ソース ファイル</Filter>
    </ClCompile>
    <ClCompile Include="Component\Renderer\Renderer.cpp">
      <Filter>ソース ファイル</Filter>
    </ClCompile>
    <ClCompile Include="Component\Renderer\SpriteRenderer.cpp">
      <Filter>ソース ファイル</Filter>
    </ClCompile>
    <ClCompile Include="GameObject\GameObjectFactory.cpp">
      <Filter>ソース ファイル</Filter>
    </ClCompile>
    <ClCompile Include="Engine\Engine.cpp">
      <Filter>ソース ファイル</Filter>
    </ClCompile>
    <ClCompile Include="GameActivity.cpp">
      <Filter>ソース ファイル</Filter>
    </ClCompile>
    <ClCompile Include="GameObject\Transform\TransformRotator.cpp">
      <Filter>ソース ファイル</Filter>
    </ClCompile>
  </ItemGroup>
  <ItemGroup>
    <ClInclude Include="Include.h">
      <Filter>ヘッダー ファイル</Filter>
    </ClInclude>
    <ClInclude Include="stdafx.h">
      <Filter>ヘッダー ファイル</Filter>
    </ClInclude>
    <ClInclude Include="Component\Camera\Camera.h">
      <Filter>ヘッダー ファイル</Filter>
    </ClInclude>
    <ClInclude Include="Component\Camera\Camera2D.h">
      <Filter>ヘッダー ファイル</Filter>
    </ClInclude>
    <ClInclude Include="Component\Camera\Camera3D.h">
      <Filter>ヘッダー ファイル</Filter>
    </ClInclude>
    <ClInclude Include="Component\Camera\Camera3D_LookAt.h">
      <Filter>ヘッダー ファイル</Filter>
    </ClInclude>
    <ClInclude Include="Component\Collider\Collider2D.h">
      <Filter>ヘッダー ファイル</Filter>
    </ClInclude>
    <ClInclude Include="Component\Collider\Collider3D.h">
      <Filter>ヘッダー ファイル</Filter>
    </ClInclude>
    <ClInclude Include="Component\Collider\Collision2D.h">
      <Filter>ヘッダー ファイル</Filter>
    </ClInclude>
    <ClInclude Include="Component\Collider\Collision3D.h">
      <Filter>ヘッダー ファイル</Filter>
    </ClInclude>
    <ClInclude Include="Component\Modifier\EntityModifier.h">
      <Filter>ヘッダー ファイル</Filter>
    </ClInclude>
    <ClInclude Include="Component\Modifier\EntityModifierAttribute.h">
      <Filter>ヘッダー ファイル</Filter>
    </ClInclude>
    <ClInclude Include="Component\Modifier\EntityModifierFactory.h">
      <Filter>ヘッダー ファイル</Filter>
    </ClInclude>
    <ClInclude Include="Component\Modifier\EntityModifierManager.h">
      <Filter>ヘッダー ファイル</Filter>
    </ClInclude>
    <ClInclude Include="Component\Spine\SkeletonAnimation.h">
      <Filter>ヘッダー ファイル</Filter>
    </ClInclude>
    <ClInclude Include="Component\GameComponent.h">
      <Filter>ヘッダー ファイル</Filter>
    </ClInclude>
    <ClInclude Include="GameObject\Transform\Transform.h">
      <Filter>ヘッダー ファイル</Filter>
    </ClInclude>
    <ClInclude Include="GameObject\GameObject.h">
      <Filter>ヘッダー ファイル</Filter>
    </ClInclude>
    <ClInclude Include="GameObject\GameObjectRenderQueue.h">
      <Filter>ヘッダー ファイル</Filter>
    </ClInclude>
    <ClInclude Include="GameObject\GameObjectRenderState.h">
      <Filter>ヘッダー ファイル</Filter>
    </ClInclude>
    <ClInclude Include="Scene\Scene.h">
      <Filter>ヘッダー ファイル</Filter>
    </ClInclude>
    <ClInclude Include="Scene\SceneManager.h">
      <Filter>ヘッダー ファイル</Filter>
    </ClInclude>
    <ClInclude Include="Component\Renderer\MeshRenderer.h">
      <Filter>ヘッダー ファイル</Filter>
    </ClInclude>
    <ClInclude Include="Component\Renderer\Renderer.h">
      <Filter>ヘッダー ファイル</Filter>
    </ClInclude>
    <ClInclude Include="Component\Renderer\SpriteRenderer.h">
      <Filter>ヘッダー ファイル</Filter>
    </ClInclude>
    <ClInclude Include="Utils.h">
      <Filter>ヘッダー ファイル</Filter>
    </ClInclude>
    <ClInclude Include="GameObject\GameObjectFactory.h">
      <Filter>ヘッダー ファイル</Filter>
    </ClInclude>
    <ClInclude Include="Engine\Engine.h">
      <Filter>ヘッダー ファイル</Filter>
    </ClInclude>
    <ClInclude Include="Engine\IEngineBehavior.h">
      <Filter>ヘッダー ファイル</Filter>
    </ClInclude>
    <ClInclude Include="Engine\EngineOption.h">
      <Filter>ヘッダー ファイル</Filter>
    </ClInclude>
    <ClInclude Include="Component\ComponentMacro.h">
      <Filter>ヘッダー ファイル</Filter>
    </ClInclude>
    <ClInclude Include="Component\GameComponentManager.h">
      <Filter>ヘッダー ファイル</Filter>
    </ClInclude>
    <ClInclude Include="GameActivity.h">
      <Filter>ヘッダー ファイル</Filter>
    </ClInclude>
    <ClInclude Include="Director.h">
      <Filter>ヘッダー ファイル</Filter>
    </ClInclude>
    <ClInclude Include="GameObject\Transform\TransformRotator.h">
      <Filter>ヘッダー ファイル</Filter>
    </ClInclude>
  </ItemGroup>
</Project>