<?xml version="1.0" encoding="utf-8"?>
<Project ToolsVersion="4.0" xmlns="http://schemas.microsoft.com/developer/msbuild/2003">
  <ItemGroup>
    <Filter Include="ソース ファイル">
      <UniqueIdentifier>{4FC737F1-C7A5-4376-A066-2A32D752A2FF}</UniqueIdentifier>
      <Extensions>cpp;c;cc;cxx;def;odl;idl;hpj;bat;asm;asmx</Extensions>
    </Filter>
    <Filter Include="ヘッダー ファイル">
      <UniqueIdentifier>{93995380-89BD-4b04-88EB-625FBE52EBFB}</UniqueIdentifier>
      <Extensions>h;hh;hpp;hxx;hm;inl;inc;ipp;xsd</Extensions>
    </Filter>
    <Filter Include="リソース ファイル">
      <UniqueIdentifier>{67DA6AB6-F800-4c08-8B7A-83BB121AAD01}</UniqueIdentifier>
      <Extensions>rc;ico;cur;bmp;dlg;rc2;rct;bin;rgs;gif;jpg;jpeg;jpe;resx;tiff;tif;png;wav;mfcribbon-ms</Extensions>
    </Filter>
    <Filter Include="ヘッダー ファイル\Constants">
      <UniqueIdentifier>{88ba363e-eaf4-4d32-ab5d-ffb10707ef5c}</UniqueIdentifier>
    </Filter>
    <Filter Include="ヘッダー ファイル\Native">
      <UniqueIdentifier>{b65b07b8-d0ac-48c9-9553-a0e3b9f926cf}</UniqueIdentifier>
    </Filter>
    <Filter Include="ヘッダー ファイル\ThirdPirty">
      <UniqueIdentifier>{66e6eb79-326c-4acf-9117-5cd9e1f74a44}</UniqueIdentifier>
    </Filter>
    <Filter Include="ヘッダー ファイル\ThirdPirty\Cereal">
      <UniqueIdentifier>{832f56b1-9778-43e8-8fd2-a826c676ab60}</UniqueIdentifier>
    </Filter>
    <Filter Include="ヘッダー ファイル\Resource">
      <UniqueIdentifier>{3a0959a0-f24d-4ce1-82bd-c0e0d9d4e07d}</UniqueIdentifier>
    </Filter>
    <Filter Include="ソース ファイル\Resource">
      <UniqueIdentifier>{c4fddef0-a5fe-46a9-9087-90c4557fdf54}</UniqueIdentifier>
    </Filter>
    <Filter Include="ヘッダー ファイル\Resource\Material">
      <UniqueIdentifier>{94425a4f-a9c5-4fe6-8ee3-8ce7e54de490}</UniqueIdentifier>
    </Filter>
    <Filter Include="ヘッダー ファイル\Resource\Mesh">
      <UniqueIdentifier>{67d24e54-6d35-4d02-9fbb-e6cc2e0c1cc3}</UniqueIdentifier>
    </Filter>
    <Filter Include="ソース ファイル\Resource\Material">
      <UniqueIdentifier>{11a28e52-3de9-4e86-9347-15d4c8e8150c}</UniqueIdentifier>
    </Filter>
    <Filter Include="ソース ファイル\Resource\Mesh">
      <UniqueIdentifier>{1509ecdb-a3d0-4261-8861-60920556c309}</UniqueIdentifier>
    </Filter>
    <Filter Include="ヘッダー ファイル\Resource\Mesh\Factory">
      <UniqueIdentifier>{c1906f7a-81b8-4d2e-b637-1ed6dde0b437}</UniqueIdentifier>
    </Filter>
    <Filter Include="ヘッダー ファイル\Resource\Mesh\Builder">
      <UniqueIdentifier>{8033e999-e024-4058-9b01-b6ba2a807b85}</UniqueIdentifier>
    </Filter>
    <Filter Include="ソース ファイル\Resource\Mesh\Factory">
      <UniqueIdentifier>{bad9e72d-a38d-4b30-a9c9-936fdf32d226}</UniqueIdentifier>
    </Filter>
    <Filter Include="ソース ファイル\Resource\Mesh\Builder">
      <UniqueIdentifier>{cdec1a5a-5d20-4d3a-849a-f2e67d5779c0}</UniqueIdentifier>
    </Filter>
    <Filter Include="ヘッダー ファイル\Color">
      <UniqueIdentifier>{2e3cf0cd-9f8e-4fc7-ba2a-a1ae6357603a}</UniqueIdentifier>
    </Filter>
    <Filter Include="ヘッダー ファイル\Math">
      <UniqueIdentifier>{9300a498-6219-407e-b8a4-87f60fb75bdb}</UniqueIdentifier>
    </Filter>
    <Filter Include="ソース ファイル\Math">
      <UniqueIdentifier>{e46ff8c2-d8c8-4a66-b351-6c1dc5295086}</UniqueIdentifier>
    </Filter>
    <Filter Include="ソース ファイル\Color">
      <UniqueIdentifier>{095b1fb2-7ac9-404f-b902-4c11b8ac367d}</UniqueIdentifier>
    </Filter>
    <Filter Include="ソース ファイル\Easing">
      <UniqueIdentifier>{5114583f-0d4b-42b1-b753-8a2c132a7e0d}</UniqueIdentifier>
    </Filter>
    <Filter Include="ヘッダー ファイル\Easing">
      <UniqueIdentifier>{9c28610e-f9b5-4fc4-899a-d71961081ad4}</UniqueIdentifier>
    </Filter>
    <Filter Include="ヘッダー ファイル\Resource\Sprite">
      <UniqueIdentifier>{6529bd04-73e1-4f04-b152-01158b134f56}</UniqueIdentifier>
    </Filter>
    <Filter Include="ソース ファイル\Resource\Sprite">
      <UniqueIdentifier>{58bc9e02-a8b4-485b-bd38-4d15d223fad0}</UniqueIdentifier>
    </Filter>
    <Filter Include="ソース ファイル\Resource\Particle">
      <UniqueIdentifier>{b0e08f7c-9f36-4f83-9096-e264709dce26}</UniqueIdentifier>
    </Filter>
    <Filter Include="ヘッダー ファイル\Resource\_Native">
      <UniqueIdentifier>{1530c29f-3dc1-4c72-bc80-88971cd9989c}</UniqueIdentifier>
    </Filter>
    <Filter Include="ヘッダー ファイル\Resource\_Native\Buffer">
      <UniqueIdentifier>{12027eff-5b32-4b2a-bf9a-44b910de95d2}</UniqueIdentifier>
    </Filter>
    <Filter Include="ヘッダー ファイル\Resource\_Native\Texture">
      <UniqueIdentifier>{056f4855-d2f0-4dba-806d-9553f7ce8f31}</UniqueIdentifier>
    </Filter>
    <Filter Include="ヘッダー ファイル\Resource\_Native\Sound">
      <UniqueIdentifier>{7327134f-9b13-41b1-905a-f4eb10d236ea}</UniqueIdentifier>
    </Filter>
    <Filter Include="ヘッダー ファイル\Resource\_Native\Shader">
      <UniqueIdentifier>{9c57507b-8fe5-4f1d-8e3e-3a65c6ffe59a}</UniqueIdentifier>
    </Filter>
    <Filter Include="ソース ファイル\Resource\_Native">
      <UniqueIdentifier>{dce677fd-bafd-4d28-8d37-f9f8701036c4}</UniqueIdentifier>
    </Filter>
    <Filter Include="ソース ファイル\Resource\_Native\Buffer">
      <UniqueIdentifier>{50e857b2-2eba-4ec8-b129-1ca2563746fa}</UniqueIdentifier>
    </Filter>
    <Filter Include="ソース ファイル\Resource\_Native\Sound">
      <UniqueIdentifier>{2505bbb5-2ec8-4bce-be00-42ed80018574}</UniqueIdentifier>
    </Filter>
    <Filter Include="ソース ファイル\Resource\_Native\Texture">
      <UniqueIdentifier>{5426da2a-9da6-4e19-96cb-f5db012896d2}</UniqueIdentifier>
    </Filter>
    <Filter Include="ソース ファイル\Resource\_Native\Shader">
      <UniqueIdentifier>{c4149c55-060d-4818-8261-2efef4c7ac28}</UniqueIdentifier>
    </Filter>
    <Filter Include="ヘッダー ファイル\Util">
      <UniqueIdentifier>{d3174858-2639-43ca-8051-07f239adc3ed}</UniqueIdentifier>
    </Filter>
    <Filter Include="ソース ファイル\Util">
      <UniqueIdentifier>{58fdbb14-f30f-4738-9cf8-8aa4ac2bba2d}</UniqueIdentifier>
    </Filter>
    <Filter Include="ヘッダー ファイル\Asset">
      <UniqueIdentifier>{9d3b7285-11cb-455d-a1eb-1fa9e20ab728}</UniqueIdentifier>
    </Filter>
    <Filter Include="ソース ファイル\Asset">
      <UniqueIdentifier>{afbef9dc-0fac-4de4-957e-8dca3222f2bd}</UniqueIdentifier>
    </Filter>
    <Filter Include="ヘッダー ファイル\Asset\Mesh">
      <UniqueIdentifier>{9bc59006-72c2-4875-968b-dbb1fc1b5cef}</UniqueIdentifier>
    </Filter>
    <Filter Include="ヘッダー ファイル\Asset\Texture">
      <UniqueIdentifier>{b10400f0-c5fd-46f7-bfca-6d5a05ce0b82}</UniqueIdentifier>
    </Filter>
    <Filter Include="ヘッダー ファイル\ThirdPirty\Cereal\Test">
      <UniqueIdentifier>{926d73c4-7a8a-46f9-a321-4e85a103f29e}</UniqueIdentifier>
    </Filter>
    <Filter Include="ソース ファイル\ThirdPirty">
      <UniqueIdentifier>{7b541982-73ac-4e0e-a378-40b54e3d919c}</UniqueIdentifier>
    </Filter>
    <Filter Include="ソース ファイル\ThirdPirty\Cereal">
      <UniqueIdentifier>{cb57947d-535f-4466-898f-2d636bb6a25d}</UniqueIdentifier>
    </Filter>
    <Filter Include="ソース ファイル\ThirdPirty\Cereal\Test">
      <UniqueIdentifier>{d4b03b38-f3a4-4c77-8d25-e244e21b478b}</UniqueIdentifier>
    </Filter>
    <Filter Include="ヘッダー ファイル\Asset\Shader">
      <UniqueIdentifier>{81801763-309f-4273-a0be-719bbf4272aa}</UniqueIdentifier>
    </Filter>
    <Filter Include="ヘッダー ファイル\Asset\Sound">
      <UniqueIdentifier>{00e6e693-cec2-4434-b889-3c00423bbcf5}</UniqueIdentifier>
    </Filter>
    <Filter Include="ヘッダー ファイル\Asset\Json">
      <UniqueIdentifier>{d72e16f7-9afd-4b75-9de3-bf761d0f8cc5}</UniqueIdentifier>
    </Filter>
    <Filter Include="ヘッダー ファイル\Asset\Material">
      <UniqueIdentifier>{6c40fd02-e9b7-48e8-b0b6-3a2fa8352ec8}</UniqueIdentifier>
    </Filter>
    <Filter Include="ソース ファイル\Resource\CSV">
      <UniqueIdentifier>{9fb3c567-02cb-4154-a2c2-ed5e15a5d0e0}</UniqueIdentifier>
    </Filter>
    <Filter Include="ヘッダー ファイル\Resource\CSV">
      <UniqueIdentifier>{f602428e-cf2f-4c54-bd39-f1a8169e7207}</UniqueIdentifier>
    </Filter>
    <Filter Include="ソース ファイル\Resource\Json">
      <UniqueIdentifier>{a8191ea1-53ff-4da0-9782-8e215776e1c2}</UniqueIdentifier>
    </Filter>
    <Filter Include="ヘッダー ファイル\Resource\Json">
      <UniqueIdentifier>{d21b3476-e7fe-4e55-a8ac-781701d60d00}</UniqueIdentifier>
    </Filter>
    <Filter Include="ヘッダー ファイル\Resource\Spine">
      <UniqueIdentifier>{26bd4d5e-5670-4be8-9526-604119e68e01}</UniqueIdentifier>
    </Filter>
    <Filter Include="ソース ファイル\Resource\Spine">
      <UniqueIdentifier>{4bdb9f6c-4711-4f2b-87be-e08c17084ea3}</UniqueIdentifier>
    </Filter>
    <Filter Include="ヘッダー ファイル\Asset\CSV">
      <UniqueIdentifier>{07662444-8358-4d64-8dc5-05ef74ecf610}</UniqueIdentifier>
    </Filter>
    <Filter Include="ヘッダー ファイル\Asset\Spine">
      <UniqueIdentifier>{40835f93-604e-4ae6-bbab-c02ee7ea12ab}</UniqueIdentifier>
    </Filter>
    <Filter Include="ヘッダー ファイル\Resource\Particle">
      <UniqueIdentifier>{bd05a48a-05f9-420d-a7df-6f67858bdfd3}</UniqueIdentifier>
    </Filter>
    <Filter Include="ソース ファイル\Asset\Mesh">
      <UniqueIdentifier>{b0c8c592-28f5-456c-8e02-362040ae00e9}</UniqueIdentifier>
    </Filter>
    <Filter Include="ソース ファイル\Asset\Material">
      <UniqueIdentifier>{5d8765ec-ff3e-4862-8a03-9c7aa20ab04b}</UniqueIdentifier>
    </Filter>
    <Filter Include="ヘッダー ファイル\Resource\Model">
      <UniqueIdentifier>{df72701c-9059-4bc9-b0e4-c11e837cad3e}</UniqueIdentifier>
    </Filter>
    <Filter Include="ヘッダー ファイル\Asset\Model">
      <UniqueIdentifier>{f947e0a2-64e8-41f4-8d4b-769dac1c0e71}</UniqueIdentifier>
    </Filter>
    <Filter Include="ソース ファイル\Resource\Model">
      <UniqueIdentifier>{6bd89c7e-f7ea-4f24-9b32-b7f40c9d1d2d}</UniqueIdentifier>
    </Filter>
    <Filter Include="ソース ファイル\Asset\Model">
      <UniqueIdentifier>{7468dbee-9e32-4f78-93d6-2b6d39a71adb}</UniqueIdentifier>
    </Filter>
  </ItemGroup>
  <ItemGroup>
    <ClInclude Include="Vector4.h">
      <Filter>ヘッダー ファイル\Math</Filter>
    </ClInclude>
    <ClInclude Include="Vector2.h">
      <Filter>ヘッダー ファイル\Math</Filter>
    </ClInclude>
    <ClInclude Include="Vector3.h">
      <Filter>ヘッダー ファイル\Math</Filter>
    </ClInclude>
    <ClInclude Include="TranslationMatrix.h">
      <Filter>ヘッダー ファイル\Math</Filter>
    </ClInclude>
    <ClInclude Include="ScalingMatrix.h">
      <Filter>ヘッダー ファイル\Math</Filter>
    </ClInclude>
    <ClInclude Include="Quaternion.h">
      <Filter>ヘッダー ファイル\Math</Filter>
    </ClInclude>
    <ClInclude Include="Matrix4x4.h">
      <Filter>ヘッダー ファイル\Math</Filter>
    </ClInclude>
    <ClInclude Include="Bounds.h">
      <Filter>ヘッダー ファイル\Math</Filter>
    </ClInclude>
    <ClInclude Include="Bezier.h">
      <Filter>ヘッダー ファイル\Math</Filter>
    </ClInclude>
    <ClInclude Include="Bresenham.h">
      <Filter>ヘッダー ファイル\Math</Filter>
    </ClInclude>
    <ClInclude Include="Geometry.h">
      <Filter>ヘッダー ファイル\Math</Filter>
    </ClInclude>
    <ClInclude Include="NativeProcess.h">
      <Filter>ヘッダー ファイル\Native</Filter>
    </ClInclude>
    <ClInclude Include="BlendFunction.h">
      <Filter>ヘッダー ファイル\Constants</Filter>
    </ClInclude>
    <ClInclude Include="Gradient.h">
      <Filter>ヘッダー ファイル\Color</Filter>
    </ClInclude>
    <ClInclude Include="Color.h">
      <Filter>ヘッダー ファイル\Color</Filter>
    </ClInclude>
    <ClInclude Include="NativeAssert.h">
      <Filter>ヘッダー ファイル\Native</Filter>
    </ClInclude>
    <ClInclude Include="GraphicsConstants.h">
      <Filter>ヘッダー ファイル\Constants</Filter>
    </ClInclude>
    <ClInclude Include="Matrix4x3.h">
      <Filter>ヘッダー ファイル\Math</Filter>
    </ClInclude>
    <ClInclude Include="CerealArchiveMacro.hpp">
      <Filter>ヘッダー ファイル\ThirdPirty\Cereal</Filter>
    </ClInclude>
    <ClInclude Include="CerealIO.h">
      <Filter>ヘッダー ファイル\ThirdPirty\Cereal</Filter>
    </ClInclude>
    <ClInclude Include="CerealStructArchive.hpp">
      <Filter>ヘッダー ファイル\ThirdPirty\Cereal</Filter>
    </ClInclude>
    <ClInclude Include="Material.h">
      <Filter>ヘッダー ファイル\Resource\Material</Filter>
    </ClInclude>
    <ClInclude Include="ShaderProperties.h">
      <Filter>ヘッダー ファイル\Resource\Material</Filter>
    </ClInclude>
    <ClInclude Include="MeshResource.h">
      <Filter>ヘッダー ファイル\Resource\Mesh</Filter>
    </ClInclude>
    <ClInclude Include="MeshBuilder_Cube.h">
      <Filter>ヘッダー ファイル\Resource\Mesh\Builder</Filter>
    </ClInclude>
    <ClInclude Include="MeshBuilder_Plane.h">
      <Filter>ヘッダー ファイル\Resource\Mesh\Builder</Filter>
    </ClInclude>
    <ClInclude Include="MeshBuilder_Sprite.h">
      <Filter>ヘッダー ファイル\Resource\Mesh\Builder</Filter>
    </ClInclude>
    <ClInclude Include="MeshFactory_Cube.h">
      <Filter>ヘッダー ファイル\Resource\Mesh\Factory</Filter>
    </ClInclude>
    <ClInclude Include="MeshFactory_Plane.h">
      <Filter>ヘッダー ファイル\Resource\Mesh\Factory</Filter>
    </ClInclude>
    <ClInclude Include="MeshFactory_Sprite.h">
      <Filter>ヘッダー ファイル\Resource\Mesh\Factory</Filter>
    </ClInclude>
    <ClInclude Include="EasingFunction.h">
      <Filter>ヘッダー ファイル\Easing</Filter>
    </ClInclude>
    <ClInclude Include="EasingFunctionManager.h">
      <Filter>ヘッダー ファイル\Easing</Filter>
    </ClInclude>
    <ClInclude Include="RenderBuffer.h">
      <Filter>ヘッダー ファイル\Resource\_Native\Texture</Filter>
    </ClInclude>
    <ClInclude Include="Texture.h">
      <Filter>ヘッダー ファイル\Resource\_Native\Texture</Filter>
    </ClInclude>
    <ClInclude Include="NativeType.h">
      <Filter>ヘッダー ファイル</Filter>
    </ClInclude>
    <ClInclude Include="Resource.h">
      <Filter>ヘッダー ファイル\Resource</Filter>
    </ClInclude>
    <ClInclude Include="ResourceManager.h">
      <Filter>ヘッダー ファイル\Resource</Filter>
    </ClInclude>
    <ClInclude Include="Shader.h">
      <Filter>ヘッダー ファイル\Resource\_Native\Shader</Filter>
    </ClInclude>
    <ClInclude Include="VertexBuffer.h">
      <Filter>ヘッダー ファイル\Resource\_Native\Buffer</Filter>
    </ClInclude>
    <ClInclude Include="Sound.h">
      <Filter>ヘッダー ファイル\Resource\_Native\Sound</Filter>
    </ClInclude>
    <ClInclude Include="IndexBuffer.h">
      <Filter>ヘッダー ファイル\Resource\_Native\Buffer</Filter>
    </ClInclude>
    <ClInclude Include="RenderTexture.h">
      <Filter>ヘッダー ファイル\Resource\_Native\Texture</Filter>
    </ClInclude>
    <ClInclude Include="TextureSource.h">
      <Filter>ヘッダー ファイル\Resource\_Native\Texture</Filter>
    </ClInclude>
    <ClInclude Include="MeshBuilder.h">
      <Filter>ヘッダー ファイル\Resource\Mesh\Builder</Filter>
    </ClInclude>
    <ClInclude Include="Mesh.h">
      <Filter>ヘッダー ファイル\Resource\Mesh</Filter>
    </ClInclude>
    <ClInclude Include="ParticleData.h">
      <Filter>ヘッダー ファイル\Resource\Particle</Filter>
    </ClInclude>
    <ClInclude Include="ParticleDataManager.h">
      <Filter>ヘッダー ファイル\Resource\Particle</Filter>
    </ClInclude>
    <ClInclude Include="ParticleSystem.h">
      <Filter>ヘッダー ファイル\Resource\Particle</Filter>
    </ClInclude>
    <ClInclude Include="PerlinNoiseGenerator.h">
      <Filter>ヘッダー ファイル\Util</Filter>
    </ClInclude>
    <ClInclude Include="RandomGenerator.h">
      <Filter>ヘッダー ファイル\Util</Filter>
    </ClInclude>
    <ClInclude Include="Asset.h">
      <Filter>ヘッダー ファイル\Asset</Filter>
    </ClInclude>
    <ClInclude Include="AssetManager.h">
      <Filter>ヘッダー ファイル\Asset</Filter>
    </ClInclude>
    <ClInclude Include="StringUtils.h">
      <Filter>ヘッダー ファイル\Util</Filter>
    </ClInclude>
    <ClInclude Include="Mathf.h">
      <Filter>ヘッダー ファイル\Util</Filter>
    </ClInclude>
    <ClInclude Include="HashUtils.h">
      <Filter>ヘッダー ファイル\Util</Filter>
    </ClInclude>
    <ClInclude Include="TextureAsset.h">
      <Filter>ヘッダー ファイル\Asset\Texture</Filter>
    </ClInclude>
    <ClInclude Include="SerealizerTester.h">
      <Filter>ヘッダー ファイル\ThirdPirty\Cereal\Test</Filter>
    </ClInclude>
    <ClInclude Include="SerealizerTestMacro.hpp">
      <Filter>ヘッダー ファイル\ThirdPirty\Cereal\Test</Filter>
    </ClInclude>
    <ClInclude Include="ShaderAsset.h">
      <Filter>ヘッダー ファイル\Asset\Shader</Filter>
    </ClInclude>
    <ClInclude Include="SoundAsset.h">
      <Filter>ヘッダー ファイル\Asset\Sound</Filter>
    </ClInclude>
    <ClInclude Include="JsonData.h">
      <Filter>ヘッダー ファイル\Resource\Json</Filter>
    </ClInclude>
    <ClInclude Include="JsonParser.h">
      <Filter>ヘッダー ファイル\Resource\Json</Filter>
    </ClInclude>
    <ClInclude Include="AttachmentVertexes.h">
      <Filter>ヘッダー ファイル\Resource\Spine</Filter>
    </ClInclude>
    <ClInclude Include="SpineData.h">
      <Filter>ヘッダー ファイル\Resource\Spine</Filter>
    </ClInclude>
    <ClInclude Include="EngineAttachmentLoader.h">
      <Filter>ヘッダー ファイル\Resource\Spine</Filter>
    </ClInclude>
    <ClInclude Include="CsvData.h">
      <Filter>ヘッダー ファイル\Resource\CSV</Filter>
    </ClInclude>
    <ClInclude Include="CsvTokenizer.h">
      <Filter>ヘッダー ファイル\Resource\CSV</Filter>
    </ClInclude>
    <ClInclude Include="CsvAsset.h">
      <Filter>ヘッダー ファイル\Asset\CSV</Filter>
    </ClInclude>
    <ClInclude Include="JsonAsset.h">
      <Filter>ヘッダー ファイル\Asset\Json</Filter>
    </ClInclude>
    <ClInclude Include="SpineAsset.h">
      <Filter>ヘッダー ファイル\Asset\Spine</Filter>
    </ClInclude>
    <ClInclude Include="MaterialAsset.h">
      <Filter>ヘッダー ファイル\Asset\Material</Filter>
    </ClInclude>
    <ClInclude Include="TextureAtlas.h">
      <Filter>ヘッダー ファイル\Resource\Sprite</Filter>
    </ClInclude>
    <ClInclude Include="TextureAtlasLoader.h">
      <Filter>ヘッダー ファイル\Resource\Sprite</Filter>
    </ClInclude>
    <ClInclude Include="TextureRegion.h">
      <Filter>ヘッダー ファイル\Resource\Sprite</Filter>
    </ClInclude>
    <ClInclude Include="TiledTextureRegion.h">
      <Filter>ヘッダー ファイル\Resource\Sprite</Filter>
    </ClInclude>
    <ClInclude Include="MaterialData.h">
      <Filter>ヘッダー ファイル\Asset\Material</Filter>
    </ClInclude>
    <ClInclude Include="CerealShaderPropertiesArchive.hpp">
      <Filter>ヘッダー ファイル\Asset\Material</Filter>
    </ClInclude>
    <ClInclude Include="Model.h">
      <Filter>ヘッダー ファイル\Resource\Model</Filter>
    </ClInclude>
    <ClInclude Include="UniqueIdTable.h">
      <Filter>ヘッダー ファイル\Asset</Filter>
    </ClInclude>
    <ClInclude Include="MeshData.h">
      <Filter>ヘッダー ファイル\Asset\Mesh</Filter>
    </ClInclude>
    <ClInclude Include="MeshAsset.h">
      <Filter>ヘッダー ファイル\Asset\Mesh</Filter>
    </ClInclude>
    <ClInclude Include="ModelAsset.h">
      <Filter>ヘッダー ファイル\Asset\Model</Filter>
    </ClInclude>
    <ClInclude Include="ModelData.h">
      <Filter>ヘッダー ファイル\Asset\Model</Filter>
    </ClInclude>
  </ItemGroup>
  <ItemGroup>
    <ClCompile Include="Bresenham.cpp">
      <Filter>ソース ファイル\Math</Filter>
    </ClCompile>
    <ClCompile Include="Matrix4x4.cpp">
      <Filter>ソース ファイル\Math</Filter>
    </ClCompile>
    <ClCompile Include="Quaternion.cpp">
      <Filter>ソース ファイル\Math</Filter>
    </ClCompile>
    <ClCompile Include="Color.cpp">
      <Filter>ソース ファイル\Color</Filter>
    </ClCompile>
    <ClCompile Include="Gradient.cpp">
      <Filter>ソース ファイル\Color</Filter>
    </ClCompile>
    <ClCompile Include="Material.cpp">
      <Filter>ソース ファイル\Resource\Material</Filter>
    </ClCompile>
    <ClCompile Include="MeshResource.cpp">
      <Filter>ソース ファイル\Resource\Mesh</Filter>
    </ClCompile>
    <ClCompile Include="MeshBuilder_Cube.cpp">
      <Filter>ソース ファイル\Resource\Mesh\Builder</Filter>
    </ClCompile>
    <ClCompile Include="MeshBuilder_Plane.cpp">
      <Filter>ソース ファイル\Resource\Mesh\Builder</Filter>
    </ClCompile>
    <ClCompile Include="MeshBuilder_Sprite.cpp">
      <Filter>ソース ファイル\Resource\Mesh\Builder</Filter>
    </ClCompile>
    <ClCompile Include="MeshFactory_Sprite.cpp">
      <Filter>ソース ファイル\Resource\Mesh\Factory</Filter>
    </ClCompile>
    <ClCompile Include="MeshFactory_Plane.cpp">
      <Filter>ソース ファイル\Resource\Mesh\Factory</Filter>
    </ClCompile>
    <ClCompile Include="MeshFactory_Cube.cpp">
      <Filter>ソース ファイル\Resource\Mesh\Factory</Filter>
    </ClCompile>
    <ClCompile Include="EasingFunction.cpp">
      <Filter>ソース ファイル\Easing</Filter>
    </ClCompile>
    <ClCompile Include="EasingFunctionManager.cpp">
      <Filter>ソース ファイル\Easing</Filter>
    </ClCompile>
    <ClCompile Include="RenderBuffer.cpp">
      <Filter>ソース ファイル\Resource\_Native\Texture</Filter>
    </ClCompile>
    <ClCompile Include="ResourceManager.cpp">
      <Filter>ソース ファイル\Resource</Filter>
    </ClCompile>
    <ClCompile Include="Texture.cpp">
      <Filter>ソース ファイル\Resource\_Native\Texture</Filter>
    </ClCompile>
    <ClCompile Include="Shader.cpp">
      <Filter>ソース ファイル\Resource\_Native\Shader</Filter>
    </ClCompile>
    <ClCompile Include="VertexBuffer.cpp">
      <Filter>ソース ファイル\Resource\_Native\Buffer</Filter>
    </ClCompile>
    <ClCompile Include="Sound.cpp">
      <Filter>ソース ファイル\Resource\_Native\Sound</Filter>
    </ClCompile>
    <ClCompile Include="IndexBuffer.cpp">
      <Filter>ソース ファイル\Resource\_Native\Buffer</Filter>
    </ClCompile>
    <ClCompile Include="RenderTexture.cpp">
      <Filter>ソース ファイル\Resource\_Native\Texture</Filter>
    </ClCompile>
    <ClCompile Include="Mesh.cpp">
      <Filter>ソース ファイル\Resource\Mesh</Filter>
    </ClCompile>
    <ClCompile Include="ParticleDataManager.cpp">
      <Filter>ソース ファイル\Resource\Particle</Filter>
    </ClCompile>
    <ClCompile Include="ParticleSystem.cpp">
      <Filter>ソース ファイル\Resource\Particle</Filter>
    </ClCompile>
    <ClCompile Include="ParticleData.cpp">
      <Filter>ソース ファイル\Resource\Particle</Filter>
    </ClCompile>
    <ClCompile Include="RandomGenerator.cpp">
      <Filter>ソース ファイル\Util</Filter>
    </ClCompile>
    <ClCompile Include="PerlinNoiseGenerator.cpp">
      <Filter>ソース ファイル\Util</Filter>
    </ClCompile>
    <ClCompile Include="AssetManager.cpp">
      <Filter>ソース ファイル\Asset</Filter>
    </ClCompile>
    <ClCompile Include="SerealizerTester.cpp">
      <Filter>ソース ファイル\ThirdPirty\Cereal\Test</Filter>
    </ClCompile>
    <ClCompile Include="JsonParser.cpp">
      <Filter>ソース ファイル\Resource\Json</Filter>
    </ClCompile>
    <ClCompile Include="JsonData.cpp">
      <Filter>ソース ファイル\Resource\Json</Filter>
    </ClCompile>
    <ClCompile Include="AttachmentVertexes.cpp">
      <Filter>ソース ファイル\Resource\Spine</Filter>
    </ClCompile>
    <ClCompile Include="SpineData.cpp">
      <Filter>ソース ファイル\Resource\Spine</Filter>
    </ClCompile>
    <ClCompile Include="EngineAttachmentLoader.cpp">
      <Filter>ソース ファイル\Resource\Spine</Filter>
    </ClCompile>
    <ClCompile Include="CsvTokenizer.cpp">
      <Filter>ソース ファイル\Resource\CSV</Filter>
    </ClCompile>
    <ClCompile Include="CsvData.cpp">
      <Filter>ソース ファイル\Resource\CSV</Filter>
    </ClCompile>
    <ClCompile Include="TextureAtlas.cpp">
      <Filter>ソース ファイル\Resource\Sprite</Filter>
    </ClCompile>
    <ClCompile Include="TextureAtlasLoader.cpp">
      <Filter>ソース ファイル\Resource\Sprite</Filter>
    </ClCompile>
    <ClCompile Include="TextureRegion.cpp">
      <Filter>ソース ファイル\Resource\Sprite</Filter>
    </ClCompile>
    <ClCompile Include="TiledTextureRegion.cpp">
      <Filter>ソース ファイル\Resource\Sprite</Filter>
    </ClCompile>
    <ClCompile Include="MaterialData.cpp">
      <Filter>ソース ファイル\Asset\Material</Filter>
    </ClCompile>
    <ClCompile Include="Model.cpp">
      <Filter>ソース ファイル\Resource\Model</Filter>
    </ClCompile>
    <ClCompile Include="MeshData.cpp">
      <Filter>ソース ファイル\Asset\Mesh</Filter>
    </ClCompile>
    <ClCompile Include="ModelData.cpp">
      <Filter>ソース ファイル\Asset\Model</Filter>
    </ClCompile>
    <ClCompile Include="ModelAsset.cpp">
      <Filter>ソース ファイル\Asset\Model</Filter>
    </ClCompile>
  </ItemGroup>
  <ItemGroup>
    <None Include="Matrix4x4.inl">
      <Filter>ヘッダー ファイル\Math</Filter>
    </None>
  </ItemGroup>
</Project>