<?xml version="1.0" encoding="utf-8"?>
<Project ToolsVersion="4.0" xmlns="http://schemas.microsoft.com/developer/msbuild/2003">
  <ItemGroup>
    <Filter Include="ソース ファイル">
      <UniqueIdentifier>{4FC737F1-C7A5-4376-A066-2A32D752A2FF}</UniqueIdentifier>
      <Extensions>cpp;c;cc;cxx;def;odl;idl;hpj;bat;asm;asmx</Extensions>
    </Filter>
    <Filter Include="ヘッダー ファイル">
      <UniqueIdentifier>{93995380-89BD-4b04-88EB-625FBE52EBFB}</UniqueIdentifier>
      <Extensions>h;hh;hpp;hxx;hm;inl;inc;xsd</Extensions>
    </Filter>
    <Filter Include="リソース ファイル">
      <UniqueIdentifier>{67DA6AB6-F800-4c08-8B7A-83BB121AAD01}</UniqueIdentifier>
      <Extensions>rc;ico;cur;bmp;dlg;rc2;rct;bin;rgs;gif;jpg;jpeg;jpe;resx;tiff;tif;png;wav;mfcribbon-ms</Extensions>
    </Filter>
    <Filter Include="ヘッダー ファイル\Native">
      <UniqueIdentifier>{f42609b9-68a7-449e-9d9f-1c0381e409e9}</UniqueIdentifier>
    </Filter>
    <Filter Include="ソース ファイル\Native">
      <UniqueIdentifier>{b169b8f4-10eb-42bd-8640-76f4cdcf9fc8}</UniqueIdentifier>
    </Filter>
    <Filter Include="ヘッダー ファイル\Input">
      <UniqueIdentifier>{9f585479-0613-4079-b8a3-a7fca86836b9}</UniqueIdentifier>
    </Filter>
    <Filter Include="ソース ファイル\Input">
      <UniqueIdentifier>{4cde5a41-bf6c-435a-b608-c2cde9675546}</UniqueIdentifier>
    </Filter>
    <Filter Include="ソース ファイル\Input\Device">
      <UniqueIdentifier>{6f6fd6e0-badd-499d-9428-2c0066b35427}</UniqueIdentifier>
    </Filter>
    <Filter Include="ヘッダー ファイル\Input\Device">
      <UniqueIdentifier>{d8c41d4a-3929-4915-8e7a-b09f6e0d7e7d}</UniqueIdentifier>
    </Filter>
    <Filter Include="ヘッダー ファイル\Director">
      <UniqueIdentifier>{0a85f1c0-d1bf-4e86-8324-59e06bf1b69c}</UniqueIdentifier>
    </Filter>
    <Filter Include="ヘッダー ファイル\Native\Objects">
      <UniqueIdentifier>{531972f2-7dee-473a-ab3e-a5e9b087856f}</UniqueIdentifier>
    </Filter>
    <Filter Include="ソース ファイル\Native\Objects">
      <UniqueIdentifier>{c84d3842-1499-482d-bf8c-4fec1a7581ec}</UniqueIdentifier>
    </Filter>
    <Filter Include="ヘッダー ファイル\imgui">
      <UniqueIdentifier>{b3c52a51-5423-4f9a-89c1-f181879fbadd}</UniqueIdentifier>
    </Filter>
    <Filter Include="ソース ファイル\imgui">
      <UniqueIdentifier>{a8f48a2e-1d6f-4b9d-b6ef-09b6e36da362}</UniqueIdentifier>
    </Filter>
    <Filter Include="ヘッダー ファイル\Audio">
      <UniqueIdentifier>{5051f13f-ac95-4d0c-8463-e2f9f98d200a}</UniqueIdentifier>
    </Filter>
    <Filter Include="ソース ファイル\Audio">
      <UniqueIdentifier>{3df6a896-d539-432a-b8fa-93a314025ec0}</UniqueIdentifier>
    </Filter>
    <Filter Include="ソース ファイル\Native\Objects\Texture">
      <UniqueIdentifier>{7ac6add6-c169-496c-aecd-e5f152943af0}</UniqueIdentifier>
    </Filter>
    <Filter Include="ヘッダー ファイル\Native\Objects\Texture">
      <UniqueIdentifier>{3a364c52-0ea7-4d73-855b-14c561b417e7}</UniqueIdentifier>
    </Filter>
    <Filter Include="ヘッダー ファイル\Native\Objects\Buffer">
      <UniqueIdentifier>{6af917ce-1859-410e-bfd6-696221736002}</UniqueIdentifier>
    </Filter>
    <Filter Include="ソース ファイル\Native\Objects\Buffer">
      <UniqueIdentifier>{bdca15bb-e345-486d-9ad2-12c2572e438a}</UniqueIdentifier>
    </Filter>
    <Filter Include="ヘッダー ファイル\Native\Objects\Matrix">
      <UniqueIdentifier>{86114b84-beb8-465d-a766-ae6ab4e00119}</UniqueIdentifier>
    </Filter>
    <Filter Include="ソース ファイル\Native\Objects\Matrix">
      <UniqueIdentifier>{0b0c531d-c2d3-4868-a250-a85f2e44d536}</UniqueIdentifier>
    </Filter>
  </ItemGroup>
  <ItemGroup>
    <ClCompile Include="DirectXActivity.cpp">
      <Filter>ソース ファイル</Filter>
    </ClCompile>
    <ClCompile Include="main.cpp">
      <Filter>ソース ファイル</Filter>
    </ClCompile>
    <ClCompile Include="NativeProcess_IO.cpp">
      <Filter>ソース ファイル\Native</Filter>
    </ClCompile>
    <ClCompile Include="DirectXInputDeviceManager.cpp">
      <Filter>ソース ファイル\Input</Filter>
    </ClCompile>
    <ClCompile Include="DirectXInputDevice_Mouse.cpp">
      <Filter>ソース ファイル\Input\Device</Filter>
    </ClCompile>
    <ClCompile Include="DirectXInputDevice_Keyboard.cpp">
      <Filter>ソース ファイル\Input\Device</Filter>
    </ClCompile>
    <ClCompile Include="DirectXNativeImplements.cpp">
      <Filter>ソース ファイル</Filter>
    </ClCompile>
    <ClCompile Include="DirectXInputDevice_XInput.cpp">
      <Filter>ソース ファイル\Input\Device</Filter>
    </ClCompile>
    <ClCompile Include="NativeProcess_Time.cpp">
      <Filter>ソース ファイル\Native</Filter>
    </ClCompile>
    <ClCompile Include="NativeProcess_Graphics.cpp">
      <Filter>ソース ファイル\Native</Filter>
    </ClCompile>
    <ClCompile Include="NativeShader.cpp">
      <Filter>ソース ファイル\Native\Objects</Filter>
    </ClCompile>
    <ClCompile Include="NativeModel_x.cpp">
      <Filter>ソース ファイル\Native\Objects</Filter>
    </ClCompile>
    <ClCompile Include="NativeObjectFactory.cpp">
      <Filter>ソース ファイル\Native</Filter>
    </ClCompile>
    <ClCompile Include="imgui\imgui_impl_dx9.cpp">
      <Filter>ソース ファイル\imgui</Filter>
    </ClCompile>
    <ClCompile Include="NativeSound.cpp">
      <Filter>ソース ファイル\Native\Objects</Filter>
    </ClCompile>
    <ClCompile Include="AudioManager.cpp">
      <Filter>ソース ファイル\Audio</Filter>
    </ClCompile>
    <ClCompile Include="stdafx.cpp">
      <Filter>ソース ファイル</Filter>
    </ClCompile>
    <ClCompile Include="NativeTexture.cpp">
      <Filter>ソース ファイル\Native\Objects\Texture</Filter>
    </ClCompile>
    <ClCompile Include="NativeRenderTexture.cpp">
      <Filter>ソース ファイル\Native\Objects\Texture</Filter>
    </ClCompile>
    <ClCompile Include="NativeVertexBuffer.cpp">
      <Filter>ソース ファイル\Native\Objects\Buffer</Filter>
    </ClCompile>
    <ClCompile Include="NativeIndexBuffer.cpp">
      <Filter>ソース ファイル\Native\Objects\Buffer</Filter>
    </ClCompile>
    <ClCompile Include="NativeMatrix.cpp">
      <Filter>ソース ファイル\Native\Objects\Matrix</Filter>
    </ClCompile>
    <ClCompile Include="NativeMatrixStack.cpp">
      <Filter>ソース ファイル\Native\Objects\Matrix</Filter>
    </ClCompile>
  </ItemGroup>
  <ItemGroup>
    <ClInclude Include="DirectXActivity.h">
      <Filter>ヘッダー ファイル</Filter>
    </ClInclude>
    <ClInclude Include="NativeProcess_Graphics.h">
      <Filter>ヘッダー ファイル\Native</Filter>
    </ClInclude>
    <ClInclude Include="NativeProcess_IO.h">
      <Filter>ヘッダー ファイル\Native</Filter>
    </ClInclude>
    <ClInclude Include="DirectXInputDeviceManager.h">
      <Filter>ヘッダー ファイル\Input</Filter>
    </ClInclude>
    <ClInclude Include="DirectXInputDevice_Mouse.h">
      <Filter>ヘッダー ファイル\Input\Device</Filter>
    </ClInclude>
    <ClInclude Include="DirectXInputDevice_Keyboard.h">
      <Filter>ヘッダー ファイル\Input\Device</Filter>
    </ClInclude>
    <ClInclude Include="DirectXInputDevice.h">
      <Filter>ヘッダー ファイル\Input\Device</Filter>
    </ClInclude>
    <ClInclude Include="DirectXDirector.h">
      <Filter>ヘッダー ファイル\Director</Filter>
    </ClInclude>
    <ClInclude Include="DirectXNativeImplements.h">
      <Filter>ヘッダー ファイル</Filter>
    </ClInclude>
    <ClInclude Include="DirectXInputDevice_XInput.h">
      <Filter>ヘッダー ファイル\Input\Device</Filter>
    </ClInclude>
    <ClInclude Include="NativeProcess_Time.h">
      <Filter>ヘッダー ファイル\Native</Filter>
    </ClInclude>
    <ClInclude Include="NativeShader.h">
      <Filter>ヘッダー ファイル\Native\Objects</Filter>
    </ClInclude>
    <ClInclude Include="NativeModel_x.h">
      <Filter>ヘッダー ファイル\Native\Objects</Filter>
    </ClInclude>
    <ClInclude Include="NativeConstants.h">
      <Filter>ヘッダー ファイル\Native</Filter>
    </ClInclude>
    <ClInclude Include="imgui\imgui_impl_dx9.h">
      <Filter>ヘッダー ファイル\imgui</Filter>
    </ClInclude>
    <ClInclude Include="NativeSound.h">
      <Filter>ヘッダー ファイル\Native\Objects</Filter>
    </ClInclude>
    <ClInclude Include="AudioManager.h">
      <Filter>ヘッダー ファイル\Audio</Filter>
    </ClInclude>
    <ClInclude Include="stdafx.h">
      <Filter>ヘッダー ファイル</Filter>
    </ClInclude>
    <ClInclude Include="NativeTexture.h">
      <Filter>ヘッダー ファイル\Native\Objects\Texture</Filter>
    </ClInclude>
    <ClInclude Include="NativeRenderTexture.h">
      <Filter>ヘッダー ファイル\Native\Objects\Texture</Filter>
    </ClInclude>
    <ClInclude Include="NativeIndexBuffer.h">
      <Filter>ヘッダー ファイル\Native\Objects\Buffer</Filter>
    </ClInclude>
    <ClInclude Include="NativeVertexBuffer.h">
      <Filter>ヘッダー ファイル\Native\Objects\Buffer</Filter>
    </ClInclude>
    <ClInclude Include="NativeMatrix.h">
      <Filter>ヘッダー ファイル\Native\Objects\Matrix</Filter>
    </ClInclude>
    <ClInclude Include="NativeMatrixStack.h">
      <Filter>ヘッダー ファイル\Native\Objects\Matrix</Filter>
    </ClInclude>
  </ItemGroup>
</Project>