<?xml version="1.0" encoding="utf-8"?>
<Project ToolsVersion="4.0" xmlns="http://schemas.microsoft.com/developer/msbuild/2003">
  <ItemGroup>
    <Filter Include="ソース ファイル">
      <UniqueIdentifier>{4FC737F1-C7A5-4376-A066-2A32D752A2FF}</UniqueIdentifier>
      <Extensions>cpp;c;cc;cxx;def;odl;idl;hpj;bat;asm;asmx</Extensions>
    </Filter>
    <Filter Include="ヘッダー ファイル">
      <UniqueIdentifier>{93995380-89BD-4b04-88EB-625FBE52EBFB}</UniqueIdentifier>
      <Extensions>h;hh;hpp;hxx;hm;inl;inc;ipp;xsd</Extensions>
    </Filter>
    <Filter Include="リソース ファイル">
      <UniqueIdentifier>{67DA6AB6-F800-4c08-8B7A-83BB121AAD01}</UniqueIdentifier>
      <Extensions>rc;ico;cur;bmp;dlg;rc2;rct;bin;rgs;gif;jpg;jpeg;jpe;resx;tiff;tif;png;wav;mfcribbon-ms</Extensions>
    </Filter>
    <Filter Include="ヘッダー ファイル\Math">
      <UniqueIdentifier>{dbb10d92-07ea-4b57-bbba-c8809a29c42b}</UniqueIdentifier>
    </Filter>
    <Filter Include="ソース ファイル\Math">
      <UniqueIdentifier>{5ada5bec-bcaa-4c55-aa00-c702d25056bd}</UniqueIdentifier>
    </Filter>
    <Filter Include="ヘッダー ファイル\Easing">
      <UniqueIdentifier>{daf81f06-f15e-424c-a4fc-ccc2a8dba111}</UniqueIdentifier>
    </Filter>
    <Filter Include="ソース ファイル\Easing">
      <UniqueIdentifier>{824a9905-438c-446e-b016-de256bc6edf8}</UniqueIdentifier>
    </Filter>
    <Filter Include="ヘッダー ファイル\Graphics">
      <UniqueIdentifier>{3f62a11a-1980-48a0-bcef-a950cc8bd364}</UniqueIdentifier>
    </Filter>
    <Filter Include="ソース ファイル\Graphics">
      <UniqueIdentifier>{4e76726c-f56a-44c3-8bf8-159998a3c177}</UniqueIdentifier>
    </Filter>
    <Filter Include="ヘッダー ファイル\Native">
      <UniqueIdentifier>{5ad34dd8-7e47-48ea-9a2c-e42697a0c405}</UniqueIdentifier>
    </Filter>
    <Filter Include="ソース ファイル\Native">
      <UniqueIdentifier>{ad024400-b2d8-4381-9bf4-c90e4d09101a}</UniqueIdentifier>
    </Filter>
  </ItemGroup>
  <ItemGroup>
    <ClInclude Include="Vector2.h">
      <Filter>ヘッダー ファイル\Math</Filter>
    </ClInclude>
    <ClInclude Include="Vector3.h">
      <Filter>ヘッダー ファイル\Math</Filter>
    </ClInclude>
    <ClInclude Include="Vector4.h">
      <Filter>ヘッダー ファイル\Math</Filter>
    </ClInclude>
    <ClInclude Include="Matrix4x3.h">
      <Filter>ヘッダー ファイル\Math</Filter>
    </ClInclude>
    <ClInclude Include="Matrix4x4.h">
      <Filter>ヘッダー ファイル\Math</Filter>
    </ClInclude>
    <ClInclude Include="Quaternion.h">
      <Filter>ヘッダー ファイル\Math</Filter>
    </ClInclude>
    <ClInclude Include="ScalingMatrix.h">
      <Filter>ヘッダー ファイル\Math</Filter>
    </ClInclude>
    <ClInclude Include="TranslationMatrix.h">
      <Filter>ヘッダー ファイル\Math</Filter>
    </ClInclude>
    <ClInclude Include="EasingFunction.h">
      <Filter>ヘッダー ファイル\Easing</Filter>
    </ClInclude>
    <ClInclude Include="EasingFunctionManager.h">
      <Filter>ヘッダー ファイル\Easing</Filter>
    </ClInclude>
    <ClInclude Include="Color.h">
      <Filter>ヘッダー ファイル\Graphics</Filter>
    </ClInclude>
    <ClInclude Include="BlendFunction.h">
      <Filter>ヘッダー ファイル\Graphics</Filter>
    </ClInclude>
    <ClInclude Include="GraphicsConstants.h">
      <Filter>ヘッダー ファイル\Graphics</Filter>
    </ClInclude>
    <ClInclude Include="HashUtil.h">
      <Filter>ヘッダー ファイル</Filter>
    </ClInclude>
    <ClInclude Include="Gradient.h">
      <Filter>ヘッダー ファイル\Graphics</Filter>
    </ClInclude>
    <ClInclude Include="Bresenham.h">
      <Filter>ヘッダー ファイル\Math</Filter>
    </ClInclude>
    <ClInclude Include="Bezier.h">
      <Filter>ヘッダー ファイル\Math</Filter>
    </ClInclude>
    <ClInclude Include="Geometry.h">
      <Filter>ヘッダー ファイル\Math</Filter>
    </ClInclude>
    <ClInclude Include="MathConstants.h">
      <Filter>ヘッダー ファイル\Math</Filter>
    </ClInclude>
    <ClInclude Include="NativeAssert.h">
      <Filter>ヘッダー ファイル\Native</Filter>
    </ClInclude>
    <ClInclude Include="NativeType.h">
      <Filter>ヘッダー ファイル\Native</Filter>
    </ClInclude>
    <ClInclude Include="NativeIndexBuffer.h">
      <Filter>ヘッダー ファイル\Native</Filter>
    </ClInclude>
    <ClInclude Include="NativeObject.h">
      <Filter>ヘッダー ファイル\Native</Filter>
    </ClInclude>
    <ClInclude Include="NativeProcess.h">
      <Filter>ヘッダー ファイル\Native</Filter>
    </ClInclude>
    <ClInclude Include="NativeShader.h">
      <Filter>ヘッダー ファイル\Native</Filter>
    </ClInclude>
    <ClInclude Include="NativeSound.h">
      <Filter>ヘッダー ファイル\Native</Filter>
    </ClInclude>
    <ClInclude Include="NativeVertexBuffer.h">
      <Filter>ヘッダー ファイル\Native</Filter>
    </ClInclude>
    <ClInclude Include="Texture.h">
      <Filter>ヘッダー ファイル\Graphics</Filter>
    </ClInclude>
    <ClInclude Include="RenderBuffer.h">
      <Filter>ヘッダー ファイル\Graphics</Filter>
    </ClInclude>
    <ClInclude Include="Bounds.h">
      <Filter>ヘッダー ファイル\Graphics</Filter>
    </ClInclude>
  </ItemGroup>
  <ItemGroup>
    <ClCompile Include="Matrix4x4.cpp">
      <Filter>ソース ファイル\Math</Filter>
    </ClCompile>
    <ClCompile Include="EasingFunctionManager.cpp">
      <Filter>ソース ファイル\Easing</Filter>
    </ClCompile>
    <ClCompile Include="EasingFunction.cpp">
      <Filter>ソース ファイル\Easing</Filter>
    </ClCompile>
    <ClCompile Include="Color.cpp">
      <Filter>ソース ファイル\Graphics</Filter>
    </ClCompile>
    <ClCompile Include="Bresenham.cpp">
      <Filter>ソース ファイル\Math</Filter>
    </ClCompile>
    <ClCompile Include="Gradient.cpp">
      <Filter>ソース ファイル\Graphics</Filter>
    </ClCompile>
    <ClCompile Include="Quaternion.cpp">
      <Filter>ソース ファイル\Math</Filter>
    </ClCompile>
    <ClCompile Include="NativeIndexBuffer.cpp">
      <Filter>ソース ファイル\Native</Filter>
    </ClCompile>
    <ClCompile Include="NativeShader.cpp">
      <Filter>ソース ファイル\Native</Filter>
    </ClCompile>
    <ClCompile Include="NativeSound.cpp">
      <Filter>ソース ファイル\Native</Filter>
    </ClCompile>
    <ClCompile Include="NativeVertexBuffer.cpp">
      <Filter>ソース ファイル\Native</Filter>
    </ClCompile>
    <ClCompile Include="RenderBuffer.cpp">
      <Filter>ソース ファイル\Graphics</Filter>
    </ClCompile>
    <ClCompile Include="Texture.cpp">
      <Filter>ソース ファイル\Graphics</Filter>
    </ClCompile>
  </ItemGroup>
  <ItemGroup>
    <None Include="Matrix4x4.inl">
      <Filter>ソース ファイル\Math</Filter>
    </None>
  </ItemGroup>
</Project>