<?xml version="1.0" encoding="utf-8"?>
<Project ToolsVersion="4.0" xmlns="http://schemas.microsoft.com/developer/msbuild/2003">
  <ItemGroup>
    <Filter Include="ソース ファイル">
      <UniqueIdentifier>{4FC737F1-C7A5-4376-A066-2A32D752A2FF}</UniqueIdentifier>
      <Extensions>cpp;c;cc;cxx;def;odl;idl;hpj;bat;asm;asmx</Extensions>
    </Filter>
    <Filter Include="ヘッダー ファイル">
      <UniqueIdentifier>{93995380-89BD-4b04-88EB-625FBE52EBFB}</UniqueIdentifier>
      <Extensions>h;hh;hpp;hxx;hm;inl;inc;ipp;xsd</Extensions>
    </Filter>
    <Filter Include="リソース ファイル">
      <UniqueIdentifier>{67DA6AB6-F800-4c08-8B7A-83BB121AAD01}</UniqueIdentifier>
      <Extensions>rc;ico;cur;bmp;dlg;rc2;rct;bin;rgs;gif;jpg;jpeg;jpe;resx;tiff;tif;png;wav;mfcribbon-ms</Extensions>
    </Filter>
    <Filter Include="ソース ファイル\Asset">
      <UniqueIdentifier>{965a814d-fef3-4eb1-92f2-e98e0e18b163}</UniqueIdentifier>
    </Filter>
    <Filter Include="ソース ファイル\Assimp">
      <UniqueIdentifier>{54c59830-6364-407e-a131-15c94d3e8fde}</UniqueIdentifier>
    </Filter>
    <Filter Include="ソース ファイル\ProgramGenerator">
      <UniqueIdentifier>{732889fb-d23f-42c3-94bc-dea539126c3b}</UniqueIdentifier>
    </Filter>
    <Filter Include="ソース ファイル\Setting">
      <UniqueIdentifier>{d92edc33-c5b5-47d9-b9a4-1dd841a373df}</UniqueIdentifier>
    </Filter>
    <Filter Include="ソース ファイル\Util">
      <UniqueIdentifier>{6d3f76a9-e037-4386-a3b2-e5febeeacd91}</UniqueIdentifier>
    </Filter>
    <Filter Include="ヘッダー ファイル\Asset">
      <UniqueIdentifier>{d6a7f732-4838-4eef-996d-cc49b197107e}</UniqueIdentifier>
    </Filter>
    <Filter Include="ヘッダー ファイル\Assimp">
      <UniqueIdentifier>{508a2cf0-873b-4e8e-b8f1-9fc2062abf37}</UniqueIdentifier>
    </Filter>
    <Filter Include="ヘッダー ファイル\ProgramGenerator">
      <UniqueIdentifier>{b74f0635-85a3-499f-b02b-c70214402a37}</UniqueIdentifier>
    </Filter>
    <Filter Include="ヘッダー ファイル\Util">
      <UniqueIdentifier>{21110223-555a-4559-94fe-f868f3deebbe}</UniqueIdentifier>
    </Filter>
    <Filter Include="ヘッダー ファイル\Setting">
      <UniqueIdentifier>{0b86e6a4-8a86-4e45-ad24-3db6cb2b6478}</UniqueIdentifier>
    </Filter>
    <Filter Include="ヘッダー ファイル\Asset\Raw">
      <UniqueIdentifier>{9229604e-de0a-41f2-af46-152dcc8b25fc}</UniqueIdentifier>
    </Filter>
    <Filter Include="ヘッダー ファイル\Asset\Model">
      <UniqueIdentifier>{53d84b21-4595-4ccf-a5cb-fafc426556d8}</UniqueIdentifier>
    </Filter>
    <Filter Include="ヘッダー ファイル\Asset\Mesh">
      <UniqueIdentifier>{930f59f9-f897-4e10-9b6a-28c39dbd917c}</UniqueIdentifier>
    </Filter>
    <Filter Include="ソース ファイル\Asset\Mesh">
      <UniqueIdentifier>{78f6c46d-4a55-4ef9-bec1-4cad02f5289f}</UniqueIdentifier>
    </Filter>
    <Filter Include="ソース ファイル\Asset\Model">
      <UniqueIdentifier>{c6ca1e2b-7f12-4c11-9084-ef156224848d}</UniqueIdentifier>
    </Filter>
    <Filter Include="ソース ファイル\Asset\Raw">
      <UniqueIdentifier>{ac34e0f9-55c2-47b7-a941-1f6a0de627ee}</UniqueIdentifier>
    </Filter>
    <Filter Include="ヘッダー ファイル\Asset\_Base">
      <UniqueIdentifier>{c5edbf77-3354-4be7-bb16-f8bf672f0ee0}</UniqueIdentifier>
    </Filter>
  </ItemGroup>
  <ItemGroup>
    <ClInclude Include="AssimpMaterialSystemImporter.h">
      <Filter>ヘッダー ファイル\Assimp</Filter>
    </ClInclude>
    <ClInclude Include="AssimpModelImporter.h">
      <Filter>ヘッダー ファイル\Assimp</Filter>
    </ClInclude>
    <ClInclude Include="AssimpStaticModelImporter.h">
      <Filter>ヘッダー ファイル\Assimp</Filter>
    </ClInclude>
    <ClInclude Include="AssetProgramGenerator_namespace.h">
      <Filter>ヘッダー ファイル\ProgramGenerator</Filter>
    </ClInclude>
    <ClInclude Include="FileUtil.h">
      <Filter>ヘッダー ファイル\Util</Filter>
    </ClInclude>
    <ClInclude Include="Setting.h">
      <Filter>ヘッダー ファイル\Setting</Filter>
    </ClInclude>
    <ClInclude Include="RuntimeSetting.h">
      <Filter>ヘッダー ファイル\Setting</Filter>
    </ClInclude>
    <ClInclude Include="AssetProgramGenerator_definition.h">
      <Filter>ヘッダー ファイル\ProgramGenerator</Filter>
    </ClInclude>
    <ClInclude Include="AssetMetaData.h">
      <Filter>ヘッダー ファイル\Asset</Filter>
    </ClInclude>
    <ClInclude Include="AssetInfo.h">
      <Filter>ヘッダー ファイル\Asset</Filter>
    </ClInclude>
    <ClInclude Include="Director.h">
      <Filter>ヘッダー ファイル</Filter>
    </ClInclude>
    <ClInclude Include="AssetProgramGenerator.h">
      <Filter>ヘッダー ファイル\ProgramGenerator</Filter>
    </ClInclude>
    <ClInclude Include="RawAssetImporter.h">
      <Filter>ヘッダー ファイル\Asset\Raw</Filter>
    </ClInclude>
    <ClInclude Include="RawAssetEditor.h">
      <Filter>ヘッダー ファイル\Asset\Raw</Filter>
    </ClInclude>
    <ClInclude Include="MeshAssetEditor.h">
      <Filter>ヘッダー ファイル\Asset\Mesh</Filter>
    </ClInclude>
    <ClInclude Include="AssetEditor.h">
      <Filter>ヘッダー ファイル\Asset\_Base</Filter>
    </ClInclude>
    <ClInclude Include="AssetExporter.h">
      <Filter>ヘッダー ファイル\Asset\_Base</Filter>
    </ClInclude>
    <ClInclude Include="AssetImporter.h">
      <Filter>ヘッダー ファイル\Asset\_Base</Filter>
    </ClInclude>
    <ClInclude Include="AssetConverterContext.h">
      <Filter>ヘッダー ファイル\Asset</Filter>
    </ClInclude>
    <ClInclude Include="Extensions.h">
      <Filter>ヘッダー ファイル\Util</Filter>
    </ClInclude>
    <ClInclude Include="Logger.h">
      <Filter>ヘッダー ファイル\Util</Filter>
    </ClInclude>
    <ClInclude Include="RawAssetEntity.h">
      <Filter>ヘッダー ファイル\Asset\Raw</Filter>
    </ClInclude>
    <ClInclude Include="RawAssetExporter.h">
      <Filter>ヘッダー ファイル\Asset\Raw</Filter>
    </ClInclude>
    <ClInclude Include="AssetConverter.h">
      <Filter>ヘッダー ファイル\Asset\_Base</Filter>
    </ClInclude>
    <ClInclude Include="AssetEntity.h">
      <Filter>ヘッダー ファイル\Asset\_Base</Filter>
    </ClInclude>
    <ClInclude Include="RawAssetConverterFactory.h">
      <Filter>ヘッダー ファイル\Asset\Raw</Filter>
    </ClInclude>
    <ClInclude Include="AssetConverterFactory.h">
      <Filter>ヘッダー ファイル\Asset\_Base</Filter>
    </ClInclude>
    <ClInclude Include="AssetConverterManager.h">
      <Filter>ヘッダー ファイル\Asset</Filter>
    </ClInclude>
    <ClInclude Include="ModelAssetEditor.h">
      <Filter>ヘッダー ファイル\Asset\Model</Filter>
    </ClInclude>
    <ClInclude Include="ModelAssetEntity.h">
      <Filter>ヘッダー ファイル\Asset\Model</Filter>
    </ClInclude>
    <ClInclude Include="ModelAssetExporter.h">
      <Filter>ヘッダー ファイル\Asset\Model</Filter>
    </ClInclude>
    <ClInclude Include="ModelAssetImporter.h">
      <Filter>ヘッダー ファイル\Asset\Model</Filter>
    </ClInclude>
    <ClInclude Include="IAssetConverter.h">
      <Filter>ヘッダー ファイル\Asset\_Base</Filter>
    </ClInclude>
  </ItemGroup>
  <ItemGroup>
    <ClCompile Include="AssimpMaterialSystemImporter.cpp">
      <Filter>ソース ファイル\Assimp</Filter>
    </ClCompile>
    <ClCompile Include="AssimpStaticModelImporter.cpp">
      <Filter>ソース ファイル\Assimp</Filter>
    </ClCompile>
    <ClCompile Include="AssetProgramGenerator_namespace.cpp">
      <Filter>ソース ファイル\ProgramGenerator</Filter>
    </ClCompile>
    <ClCompile Include="Setting.cpp">
      <Filter>ソース ファイル\Setting</Filter>
    </ClCompile>
    <ClCompile Include="FileUtil.cpp">
      <Filter>ソース ファイル\Util</Filter>
    </ClCompile>
    <ClCompile Include="AssetProgramGenerator_definition.cpp">
      <Filter>ソース ファイル\ProgramGenerator</Filter>
    </ClCompile>
    <ClCompile Include="AssetMetaData.cpp">
      <Filter>ソース ファイル\Asset</Filter>
    </ClCompile>
    <ClCompile Include="AssetInfo.cpp">
      <Filter>ソース ファイル\Asset</Filter>
    </ClCompile>
    <ClCompile Include="main.cpp">
      <Filter>ソース ファイル</Filter>
    </ClCompile>
    <ClCompile Include="Director.cpp">
      <Filter>ソース ファイル</Filter>
    </ClCompile>
    <ClCompile Include="MeshAssetEditor.cpp">
      <Filter>ソース ファイル\Asset\Mesh</Filter>
    </ClCompile>
    <ClCompile Include="RawAssetEditor.cpp">
      <Filter>ソース ファイル\Asset\Raw</Filter>
    </ClCompile>
    <ClCompile Include="Logger.cpp">
      <Filter>ソース ファイル\Util</Filter>
    </ClCompile>
    <ClCompile Include="RawAssetExporter.cpp">
      <Filter>ソース ファイル\Asset\Raw</Filter>
    </ClCompile>
    <ClCompile Include="RawAssetImporter.cpp">
      <Filter>ソース ファイル\Asset\Raw</Filter>
    </ClCompile>
    <ClCompile Include="RawAssetConverterFactory.cpp">
      <Filter>ソース ファイル\Asset\Raw</Filter>
    </ClCompile>
    <ClCompile Include="AssetConverterManager.cpp">
      <Filter>ソース ファイル\Asset</Filter>
    </ClCompile>
    <ClCompile Include="ModelAssetImporter.cpp">
      <Filter>ソース ファイル\Asset\Model</Filter>
    </ClCompile>
    <ClCompile Include="AssetConverterContext.cpp">
      <Filter>ソース ファイル\Asset</Filter>
    </ClCompile>
  </ItemGroup>
</Project>